
Microsoft Visual Studio Solution File, Format Version 12.00
# Visual Studio 14
VisualStudioVersion = 14.0.25123.0
MinimumVisualStudioVersion = 10.0.40219.1
Project("{8BC9CEB8-8B4A-11D0-8D11-00A0C91BC942}") = "VirtualDiskInterop", "VirtualDiskInterop\VirtualDiskInterop.vcxproj", "{12CA605A-5D31-4CAC-9CC2-96840DA12F87}"
EndProject
Project("{FAE04EC0-301F-11D3-BF4B-00C04F79EFBC}") = "VirtualDiskInteropTest", "VirtualDiskInteropTest\VirtualDiskInteropTest.csproj", "{A6D8ECBF-EE9B-4273-8909-C47632989F86}"
EndProject
Global
	GlobalSection(SolutionConfigurationPlatforms) = preSolution
		Debug|x64 = Debug|x64
		Debug|x86 = Debug|x86
		Release|x64 = Release|x64
		Release|x86 = Release|x86
	EndGlobalSection
	GlobalSection(ProjectConfigurationPlatforms) = postSolution
		{12CA605A-5D31-4CAC-9CC2-96840DA12F87}.Debug|x64.ActiveCfg = Debug|x64
		{12CA605A-5D31-4CAC-9CC2-96840DA12F87}.Debug|x64.Build.0 = Debug|x64
		{12CA605A-5D31-4CAC-9CC2-96840DA12F87}.Debug|x86.ActiveCfg = Debug|Win32
		{12CA605A-5D31-4CAC-9CC2-96840DA12F87}.Debug|x86.Build.0 = Debug|Win32
		{12CA605A-5D31-4CAC-9CC2-96840DA12F87}.Release|x64.ActiveCfg = Release|x64
		{12CA605A-5D31-4CAC-9CC2-96840DA12F87}.Release|x64.Build.0 = Release|x64
		{12CA605A-5D31-4CAC-9CC2-96840DA12F87}.Release|x86.ActiveCfg = Release|Win32
		{12CA605A-5D31-4CAC-9CC2-96840DA12F87}.Release|x86.Build.0 = Release|Win32
		{A6D8ECBF-EE9B-4273-8909-C47632989F86}.Debug|x64.ActiveCfg = Debug|x64
		{A6D8ECBF-EE9B-4273-8909-C47632989F86}.Debug|x64.Build.0 = Debug|x64
		{A6D8ECBF-EE9B-4273-8909-C47632989F86}.Debug|x86.ActiveCfg = Debug|x86
		{A6D8ECBF-EE9B-4273-8909-C47632989F86}.Debug|x86.Build.0 = Debug|x86
		{A6D8ECBF-EE9B-4273-8909-C47632989F86}.Release|x64.ActiveCfg = Release|x64
		{A6D8ECBF-EE9B-4273-8909-C47632989F86}.Release|x64.Build.0 = Release|x64
		{A6D8ECBF-EE9B-4273-8909-C47632989F86}.Release|x86.ActiveCfg = Release|x86
		{A6D8ECBF-EE9B-4273-8909-C47632989F86}.Release|x86.Build.0 = Release|x86
	EndGlobalSection
	GlobalSection(SolutionProperties) = preSolution
		HideSolutionNode = FALSE
	EndGlobalSection
EndGlobal
