<?xml version="1.0" encoding="utf-8"?>
<Project ToolsVersion="4.0" xmlns="http://schemas.microsoft.com/developer/msbuild/2003">
  <ItemGroup>
    <Filter Include="Source Files">
      <UniqueIdentifier>{4FC737F1-C7A5-4376-A066-2A32D752A2FF}</UniqueIdentifier>
      <Extensions>cpp;c;cc;cxx;def;odl;idl;hpj;bat;asm;asmx</Extensions>
    </Filter>
    <Filter Include="Header Files">
      <UniqueIdentifier>{93995380-89BD-4b04-88EB-625FBE52EBFB}</UniqueIdentifier>
      <Extensions>h;hh;hpp;hxx;hm;inl;inc;xsd</Extensions>
    </Filter>
    <Filter Include="Resource Files">
      <UniqueIdentifier>{67DA6AB6-F800-4c08-8B7A-83BB121AAD01}</UniqueIdentifier>
      <Extensions>rc;ico;cur;bmp;dlg;rc2;rct;bin;rgs;gif;jpg;jpeg;jpe;resx;tiff;tif;png;wav;mfcribbon-ms</Extensions>
    </Filter>
  </ItemGroup>
  <ItemGroup>
    <ClInclude Include="VirtualDiskInterop.h">
      <Filter>Header Files</Filter>
    </ClInclude>
    <ClInclude Include="Stdafx.h">
      <Filter>Header Files</Filter>
    </ClInclude>
    <ClInclude Include="resource.h">
      <Filter>Header Files</Filter>
    </ClInclude>
    <ClInclude Include="Enumerations\ApplySnapshotVhdsetFlags.h">
      <Filter>Header Files</Filter>
    </ClInclude>
    <ClInclude Include="Enumerations\ApplySnapshotVhdsetVersions.h">
      <Filter>Header Files</Filter>
    </ClInclude>
    <ClInclude Include="Enumerations\AttachVirtualDiskFlags.h">
      <Filter>Header Files</Filter>
    </ClInclude>
    <ClInclude Include="Enumerations\AttachVirtualDiskVersions.h">
      <Filter>Header Files</Filter>
    </ClInclude>
    <ClInclude Include="Enumerations\CompactVirtualDiskFlags.h">
      <Filter>Header Files</Filter>
    </ClInclude>
    <ClInclude Include="Enumerations\CompactVirtualDiskVersions.h">
      <Filter>Header Files</Filter>
    </ClInclude>
    <ClInclude Include="Enumerations\DeleteSnapshotVhdsetFlags.h">
      <Filter>Header Files</Filter>
    </ClInclude>
    <ClInclude Include="Enumerations\DeleteSnapshotVhdsetVersions.h">
      <Filter>Header Files</Filter>
    </ClInclude>
    <ClInclude Include="Enumerations\DependentDiskFlags.h">
      <Filter>Header Files</Filter>
    </ClInclude>
    <ClInclude Include="Enumerations\DetachVirtualDiskFlags.h">
      <Filter>Header Files</Filter>
    </ClInclude>
    <ClInclude Include="Enumerations\ExpandVirtualDiskFlags.h">
      <Filter>Header Files</Filter>
    </ClInclude>
    <ClInclude Include="Enumerations\GetStorageDependencyFlags.h">
      <Filter>Header Files</Filter>
    </ClInclude>
    <ClInclude Include="Enumerations\ExpandVirtualDiskVersions.h">
      <Filter>Header Files</Filter>
    </ClInclude>
    <ClInclude Include="Enumerations\GetVirtualDiskInfoVersions.h">
      <Filter>Header Files</Filter>
    </ClInclude>
    <ClInclude Include="Enumerations\MergeVirtualDiskFlags.h">
      <Filter>Header Files</Filter>
    </ClInclude>
    <ClInclude Include="Enumerations\MergeVirtualDiskVersions.h">
      <Filter>Header Files</Filter>
    </ClInclude>
    <ClInclude Include="Enumerations\ModifyVhdsetFlags.h">
      <Filter>Header Files</Filter>
    </ClInclude>
    <ClInclude Include="Enumerations\ModifyVhdsetVersions.h">
      <Filter>Header Files</Filter>
    </ClInclude>
    <ClInclude Include="Enumerations\OpenVirtualDiskFlags.h">
      <Filter>Header Files</Filter>
    </ClInclude>
    <ClInclude Include="Enumerations\OpenVirtualDiskVersions.h">
      <Filter>Header Files</Filter>
    </ClInclude>
    <ClInclude Include="Enumerations\SetVirtualDiskInfoVersions.h">
      <Filter>Header Files</Filter>
    </ClInclude>
    <ClInclude Include="Enumerations\StorageDependencyInfoVersions.h">
      <Filter>Header Files</Filter>
    </ClInclude>
    <ClInclude Include="Enumerations\TakeSnapshotVhdsetFlags.h">
      <Filter>Header Files</Filter>
    </ClInclude>
    <ClInclude Include="Enumerations\TakeSnapshotVhdsetVersions.h">
      <Filter>Header Files</Filter>
    </ClInclude>
    <ClInclude Include="Enumerations\VirtualDiskAccessMasks.h">
      <Filter>Header Files</Filter>
    </ClInclude>
    <ClInclude Include="Enumerations\CreateVirtualDiskFlags.h">
      <Filter>Header Files</Filter>
    </ClInclude>
    <ClInclude Include="Enumerations\CreateVirtualDiskVersions.h">
      <Filter>Header Files</Filter>
    </ClInclude>
    <ClInclude Include="Structures\ApplySnapshotVhdsetParameters.h">
      <Filter>Header Files</Filter>
    </ClInclude>
    <ClInclude Include="Structures\AttachVirtualDiskParameters.h">
      <Filter>Header Files</Filter>
    </ClInclude>
    <ClInclude Include="Structures\CompactVirtualDiskParameters.h">
      <Filter>Header Files</Filter>
    </ClInclude>
    <ClInclude Include="Structures\CreateVirtualDiskParameters.h">
      <Filter>Header Files</Filter>
    </ClInclude>
    <ClInclude Include="Structures\DeleteSnapshotVhdsetParameters.h">
      <Filter>Header Files</Filter>
    </ClInclude>
    <ClInclude Include="Structures\ExpandVirtualDiskParameters.h">
      <Filter>Header Files</Filter>
    </ClInclude>
    <ClInclude Include="Structures\GetVirtualDiskInfo.h">
      <Filter>Header Files</Filter>
    </ClInclude>
    <ClInclude Include="Structures\MergeVirtualDiskParameters.h">
      <Filter>Header Files</Filter>
    </ClInclude>
    <ClInclude Include="Structures\MirrorVirtualDiskParameters.h">
      <Filter>Header Files</Filter>
    </ClInclude>
    <ClInclude Include="Structures\ModifyVhdsetParameters.h">
      <Filter>Header Files</Filter>
    </ClInclude>
    <ClInclude Include="Structures\OpenVirtualDiskParameters.h">
      <Filter>Header Files</Filter>
    </ClInclude>
    <ClInclude Include="Structures\SetVirtualDiskInfo.h">
      <Filter>Header Files</Filter>
    </ClInclude>
    <ClInclude Include="Structures\StorageDependencyInfo.h">
      <Filter>Header Files</Filter>
    </ClInclude>
    <ClInclude Include="Structures\TakeSnapshotVhdsetParameters.h">
      <Filter>Header Files</Filter>
    </ClInclude>
    <ClInclude Include="Structures\VirtualDiskProgress.h">
      <Filter>Header Files</Filter>
    </ClInclude>
    <ClInclude Include="Structures\VirtualStorageType.h">
      <Filter>Header Files</Filter>
    </ClInclude>
    <ClInclude Include="Enumerations\VirtualStorageDeviceTypes.h">
      <Filter>Header Files</Filter>
    </ClInclude>
    <ClInclude Include="Enumerations\MirrorVirtualDiskVersions.h">
      <Filter>Header Files</Filter>
    </ClInclude>
    <ClInclude Include="Enumerations\MirrorVirtualDiskFlags.h">
      <Filter>Header Files</Filter>
    </ClInclude>
    <ClInclude Include="Structures\QueryChangesVirtualDiskRange.h">
      <Filter>Header Files</Filter>
    </ClInclude>
    <ClInclude Include="Enumerations\ResizeVirtualDiskFlags.h">
      <Filter>Header Files</Filter>
    </ClInclude>
    <ClInclude Include="Structures\ResizeVirtualDiskParameters.h">
      <Filter>Header Files</Filter>
    </ClInclude>
    <ClInclude Include="Enumerations\ResizeVirtualDiskVersions.h">
      <Filter>Header Files</Filter>
    </ClInclude>
    <ClInclude Include="Enumerations\QueryChangesVirtualDiskFlags.h">
      <Filter>Header Files</Filter>
    </ClInclude>
    <ClInclude Include="Structures\Overlapped.h">
      <Filter>Header Files</Filter>
    </ClInclude>
    <ClInclude Include="Structures\VirtualDiskSafeHandle.h">
      <Filter>Header Files</Filter>
    </ClInclude>
  </ItemGroup>
  <ItemGroup>
    <ClCompile Include="VirtualDiskInterop.cpp">
      <Filter>Source Files</Filter>
    </ClCompile>
    <ClCompile Include="AssemblyInfo.cpp">
      <Filter>Source Files</Filter>
    </ClCompile>
    <ClCompile Include="Stdafx.cpp">
      <Filter>Source Files</Filter>
    </ClCompile>
  </ItemGroup>
  <ItemGroup>
    <Text Include="ReadMe.txt" />
  </ItemGroup>
  <ItemGroup>
    <ResourceCompile Include="app.rc">
      <Filter>Resource Files</Filter>
    </ResourceCompile>
  </ItemGroup>
  <ItemGroup>
    <Image Include="app.ico">
      <Filter>Resource Files</Filter>
    </Image>
  </ItemGroup>
</Project>